{
  "requires": true,
  "lockfileVersion": 1,
  "dependencies": {
    "three.textsprite": {
      "version": "20.0.0",
      "resolved": "https://registry.npmjs.org/three.textsprite/-/three.textsprite-20.0.0.tgz",
      "integrity": "sha512-4ctiwpATotDqJvK1MxtOk0nvE/4BO+KlcFGzzvrtP8TN9rBFuzkhhDpCNgQxShkVi10JyITlUAJw03jCGL5z3A==",
      "requires": {
        "three.texttexture": "^20.0.0"
      }
    },
    "three.texttexture": {
      "version": "20.0.0",
      "resolved": "https://registry.npmjs.org/three.texttexture/-/three.texttexture-20.0.0.tgz",
      "integrity": "sha512-eRH2GvWeOC+1B86PrXZNQsLszjXvqvRtFHSs76cvVODISVg/bskPCqrDbhPws/5sxYCYE0+EPYyU2MiF4EbqLA=="
    }
  }
}
